
Microsoft Visual Studio Solution File, Format Version 12.00
# Visual Studio Version 16
VisualStudioVersion = 16.0.31005.135
MinimumVisualStudioVersion = 10.0.40219.1
Project("{FAE04EC0-301F-11D3-BF4B-00C04F79EFBC}") = "Aplicativo_cosmeticos.Android", "Aplicativo_cosmeticos.Android\Aplicativo_cosmeticos.Android.csproj", "{77154846-BD75-4FE1-A4E1-14D4C3415597}"
EndProject
Project("{FAE04EC0-301F-11D3-BF4B-00C04F79EFBC}") = "Aplicativo_cosmeticos", "Aplicativo_cosmeticos\Aplicativo_cosmeticos.csproj", "{2D91A693-5FD5-48D1-98F8-CB2C877365C0}"
EndProject
Global
	GlobalSection(SolutionConfigurationPlatforms) = preSolution
		Debug|Any CPU = Debug|Any CPU
		Release|Any CPU = Release|Any CPU
	EndGlobalSection
	GlobalSection(ProjectConfigurationPlatforms) = postSolution
		{77154846-BD75-4FE1-A4E1-14D4C3415597}.Debug|Any CPU.ActiveCfg = Debug|Any CPU
		{77154846-BD75-4FE1-A4E1-14D4C3415597}.Debug|Any CPU.Build.0 = Debug|Any CPU
		{77154846-BD75-4FE1-A4E1-14D4C3415597}.Debug|Any CPU.Deploy.0 = Debug|Any CPU
		{77154846-BD75-4FE1-A4E1-14D4C3415597}.Release|Any CPU.ActiveCfg = Release|Any CPU
		{77154846-BD75-4FE1-A4E1-14D4C3415597}.Release|Any CPU.Build.0 = Release|Any CPU
		{77154846-BD75-4FE1-A4E1-14D4C3415597}.Release|Any CPU.Deploy.0 = Release|Any CPU
		{2D91A693-5FD5-48D1-98F8-CB2C877365C0}.Debug|Any CPU.ActiveCfg = Debug|Any CPU
		{2D91A693-5FD5-48D1-98F8-CB2C877365C0}.Debug|Any CPU.Build.0 = Debug|Any CPU
		{2D91A693-5FD5-48D1-98F8-CB2C877365C0}.Debug|Any CPU.Deploy.0 = Debug|Any CPU
		{2D91A693-5FD5-48D1-98F8-CB2C877365C0}.Release|Any CPU.ActiveCfg = Release|Any CPU
		{2D91A693-5FD5-48D1-98F8-CB2C877365C0}.Release|Any CPU.Build.0 = Release|Any CPU
		{2D91A693-5FD5-48D1-98F8-CB2C877365C0}.Release|Any CPU.Deploy.0 = Release|Any CPU
	EndGlobalSection
	GlobalSection(SolutionProperties) = preSolution
		HideSolutionNode = FALSE
	EndGlobalSection
	GlobalSection(ExtensibilityGlobals) = postSolution
		SolutionGuid = {B6FE082A-1A77-47DD-9120-9218685F37DA}
	EndGlobalSection
EndGlobal
